
Microsoft Visual Studio Solution File, Format Version 12.00
# Visual Studio Version 17
VisualStudioVersion = 17.5.002.0
MinimumVisualStudioVersion = 10.0.40219.1
Project("{9A19103F-16F7-4668-BE54-9A1E7A4F7556}") = "BibliotecaApi", "BibliotecaApi.csproj", "{8CEF1B58-FC93-4F73-8847-42754125998A}"
EndProject
Global
	GlobalSection(SolutionConfigurationPlatforms) = preSolution
		Debug|Any CPU = Debug|Any CPU
		Release|Any CPU = Release|Any CPU
	EndGlobalSection
	GlobalSection(ProjectConfigurationPlatforms) = postSolution
		{8CEF1B58-FC93-4F73-8847-42754125998A}.Debug|Any CPU.ActiveCfg = Debug|Any CPU
		{8CEF1B58-FC93-4F73-8847-42754125998A}.Debug|Any CPU.Build.0 = Debug|Any CPU
		{8CEF1B58-FC93-4F73-8847-42754125998A}.Release|Any CPU.ActiveCfg = Release|Any CPU
		{8CEF1B58-FC93-4F73-8847-42754125998A}.Release|Any CPU.Build.0 = Release|Any CPU
	EndGlobalSection
	GlobalSection(SolutionProperties) = preSolution
		HideSolutionNode = FALSE
	EndGlobalSection
	GlobalSection(ExtensibilityGlobals) = postSolution
		SolutionGuid = {A29E74B0-991B-4DEA-95FE-5EE6C7BFB49F}
	EndGlobalSection
EndGlobal
